
Microsoft Visual Studio Solution File, Format Version 12.00
# Visual Studio Version 17
VisualStudioVersion = 17.6.33829.357
MinimumVisualStudioVersion = 10.0.40219.1
Project("{FAE04EC0-301F-11D3-BF4B-00C04F79EFBC}") = "6B", "6B\6B.csproj", "{16FB7198-4B07-4184-841F-1564BEB3CFB8}"
EndProject
Global
	GlobalSection(SolutionConfigurationPlatforms) = preSolution
		Debug|Any CPU = Debug|Any CPU
		Release|Any CPU = Release|Any CPU
	EndGlobalSection
	GlobalSection(ProjectConfigurationPlatforms) = postSolution
		{16FB7198-4B07-4184-841F-1564BEB3CFB8}.Debug|Any CPU.ActiveCfg = Debug|Any CPU
		{16FB7198-4B07-4184-841F-1564BEB3CFB8}.Debug|Any CPU.Build.0 = Debug|Any CPU
		{16FB7198-4B07-4184-841F-1564BEB3CFB8}.Release|Any CPU.ActiveCfg = Release|Any CPU
		{16FB7198-4B07-4184-841F-1564BEB3CFB8}.Release|Any CPU.Build.0 = Release|Any CPU
	EndGlobalSection
	GlobalSection(SolutionProperties) = preSolution
		HideSolutionNode = FALSE
	EndGlobalSection
	GlobalSection(ExtensibilityGlobals) = postSolution
		SolutionGuid = {6A31D3FF-096B-4216-A448-E16B38D0CF4A}
	EndGlobalSection
EndGlobal
